
Microsoft Visual Studio Solution File, Format Version 12.00
# Visual Studio Version 17
VisualStudioVersion = 17.0.31912.275
MinimumVisualStudioVersion = 10.0.40219.1
Project("{FAE04EC0-301F-11D3-BF4B-00C04F79EFBC}") = "esco.report.server", "esco.report.server\esco.report.server.csproj", "{B37710B7-64F7-44A5-A697-0B35C72F3D3F}"
EndProject
Project("{2150E333-8FDC-42A3-9474-1A3956D46DE8}") = "connector", "connector", "{4CC10E69-AD56-404C-859D-3C74932C51B6}"
EndProject
Global
	GlobalSection(SolutionConfigurationPlatforms) = preSolution
		Debug|Any CPU = Debug|Any CPU
		Release|Any CPU = Release|Any CPU
	EndGlobalSection
	GlobalSection(ProjectConfigurationPlatforms) = postSolution
		{B37710B7-64F7-44A5-A697-0B35C72F3D3F}.Debug|Any CPU.ActiveCfg = Debug|Any CPU
		{B37710B7-64F7-44A5-A697-0B35C72F3D3F}.Debug|Any CPU.Build.0 = Debug|Any CPU
		{B37710B7-64F7-44A5-A697-0B35C72F3D3F}.Release|Any CPU.ActiveCfg = Release|Any CPU
		{B37710B7-64F7-44A5-A697-0B35C72F3D3F}.Release|Any CPU.Build.0 = Release|Any CPU
	EndGlobalSection
	GlobalSection(SolutionProperties) = preSolution
		HideSolutionNode = FALSE
	EndGlobalSection
	GlobalSection(NestedProjects) = preSolution
		{B37710B7-64F7-44A5-A697-0B35C72F3D3F} = {4CC10E69-AD56-404C-859D-3C74932C51B6}
	EndGlobalSection
	GlobalSection(ExtensibilityGlobals) = postSolution
		SolutionGuid = {1D2D43E1-A6C8-43D3-B371-CBE466E67713}
	EndGlobalSection
EndGlobal
